<Solution>
  <Folder Name="/src/">
    <Project Path="E:/Dev/BlindfoldFileSling/src/FileSling.Web/FileSling.Web.csproj" Id="bf6f623d-263c-45c3-8097-b24e465562e6" />
    <Project Path="src/FileSling/FileSling.csproj" Id="89869dee-147b-4a6a-8dbc-e4fadf6e3210" />
  </Folder>
  <Folder Name="/test/" />
</Solution>
